
Microsoft Visual Studio Solution File, Format Version 12.00
# Visual Studio 14
VisualStudioVersion = 14.0.25123.0
MinimumVisualStudioVersion = 10.0.40219.1
Project("{FAE04EC0-301F-11D3-BF4B-00C04F79EFBC}") = "DVDApp.Droid", "DVDApp\DVDApp.Droid\DVDApp.Droid.csproj", "{90BB740B-E52C-4805-AD86-92553090B236}"
EndProject
Project("{FAE04EC0-301F-11D3-BF4B-00C04F79EFBC}") = "DVDApp.iOS", "DVDApp\DVDApp.iOS\DVDApp.iOS.csproj", "{DBDEAE4C-FC0C-4C48-B4F8-502EAEE5A519}"
EndProject
Project("{FAE04EC0-301F-11D3-BF4B-00C04F79EFBC}") = "DVDApp.WinPhone", "DVDApp\DVDApp.WinPhone\DVDApp.WinPhone.csproj", "{0857476E-1248-4EF8-8C06-CA6EA6966C48}"
EndProject
Project("{FAE04EC0-301F-11D3-BF4B-00C04F79EFBC}") = "DVDApp", "DVDApp\DVDApp\DVDApp.csproj", "{2DABC1DF-AB32-490B-912D-F0BC816F9074}"
EndProject
Project("{FAE04EC0-301F-11D3-BF4B-00C04F79EFBC}") = "DVD.Ws", "DVD.Ws\DVD.Ws.csproj", "{887A8565-4A10-44C8-82EF-F2F2D1D2BFBF}"
EndProject
Global
	GlobalSection(SolutionConfigurationPlatforms) = preSolution
		AppStore|Any CPU = AppStore|Any CPU
		AppStore|ARM = AppStore|ARM
		AppStore|iPhone = AppStore|iPhone
		AppStore|iPhoneSimulator = AppStore|iPhoneSimulator
		AppStore|x86 = AppStore|x86
		Debug|Any CPU = Debug|Any CPU
		Debug|ARM = Debug|ARM
		Debug|iPhone = Debug|iPhone
		Debug|iPhoneSimulator = Debug|iPhoneSimulator
		Debug|x86 = Debug|x86
		Release|Any CPU = Release|Any CPU
		Release|ARM = Release|ARM
		Release|iPhone = Release|iPhone
		Release|iPhoneSimulator = Release|iPhoneSimulator
		Release|x86 = Release|x86
	EndGlobalSection
	GlobalSection(ProjectConfigurationPlatforms) = postSolution
		{90BB740B-E52C-4805-AD86-92553090B236}.AppStore|Any CPU.ActiveCfg = Release|Any CPU
		{90BB740B-E52C-4805-AD86-92553090B236}.AppStore|Any CPU.Build.0 = Release|Any CPU
		{90BB740B-E52C-4805-AD86-92553090B236}.AppStore|Any CPU.Deploy.0 = Release|Any CPU
		{90BB740B-E52C-4805-AD86-92553090B236}.AppStore|ARM.ActiveCfg = Release|Any CPU
		{90BB740B-E52C-4805-AD86-92553090B236}.AppStore|ARM.Build.0 = Release|Any CPU
		{90BB740B-E52C-4805-AD86-92553090B236}.AppStore|ARM.Deploy.0 = Release|Any CPU
		{90BB740B-E52C-4805-AD86-92553090B236}.AppStore|iPhone.ActiveCfg = Release|Any CPU
		{90BB740B-E52C-4805-AD86-92553090B236}.AppStore|iPhone.Build.0 = Release|Any CPU
		{90BB740B-E52C-4805-AD86-92553090B236}.AppStore|iPhone.Deploy.0 = Release|Any CPU
		{90BB740B-E52C-4805-AD86-92553090B236}.AppStore|iPhoneSimulator.ActiveCfg = Release|Any CPU
		{90BB740B-E52C-4805-AD86-92553090B236}.AppStore|iPhoneSimulator.Build.0 = Release|Any CPU
		{90BB740B-E52C-4805-AD86-92553090B236}.AppStore|iPhoneSimulator.Deploy.0 = Release|Any CPU
		{90BB740B-E52C-4805-AD86-92553090B236}.AppStore|x86.ActiveCfg = Release|Any CPU
		{90BB740B-E52C-4805-AD86-92553090B236}.AppStore|x86.Build.0 = Release|Any CPU
		{90BB740B-E52C-4805-AD86-92553090B236}.AppStore|x86.Deploy.0 = Release|Any CPU
		{90BB740B-E52C-4805-AD86-92553090B236}.Debug|Any CPU.ActiveCfg = Debug|Any CPU
		{90BB740B-E52C-4805-AD86-92553090B236}.Debug|Any CPU.Build.0 = Debug|Any CPU
		{90BB740B-E52C-4805-AD86-92553090B236}.Debug|Any CPU.Deploy.0 = Debug|Any CPU
		{90BB740B-E52C-4805-AD86-92553090B236}.Debug|ARM.ActiveCfg = Debug|Any CPU
		{90BB740B-E52C-4805-AD86-92553090B236}.Debug|ARM.Build.0 = Debug|Any CPU
		{90BB740B-E52C-4805-AD86-92553090B236}.Debug|ARM.Deploy.0 = Debug|Any CPU
		{90BB740B-E52C-4805-AD86-92553090B236}.Debug|iPhone.ActiveCfg = Debug|Any CPU
		{90BB740B-E52C-4805-AD86-92553090B236}.Debug|iPhone.Build.0 = Debug|Any CPU
		{90BB740B-E52C-4805-AD86-92553090B236}.Debug|iPhone.Deploy.0 = Debug|Any CPU
		{90BB740B-E52C-4805-AD86-92553090B236}.Debug|iPhoneSimulator.ActiveCfg = Debug|Any CPU
		{90BB740B-E52C-4805-AD86-92553090B236}.Debug|iPhoneSimulator.Build.0 = Debug|Any CPU
		{90BB740B-E52C-4805-AD86-92553090B236}.Debug|iPhoneSimulator.Deploy.0 = Debug|Any CPU
		{90BB740B-E52C-4805-AD86-92553090B236}.Debug|x86.ActiveCfg = Debug|Any CPU
		{90BB740B-E52C-4805-AD86-92553090B236}.Debug|x86.Build.0 = Debug|Any CPU
		{90BB740B-E52C-4805-AD86-92553090B236}.Debug|x86.Deploy.0 = Debug|Any CPU
		{90BB740B-E52C-4805-AD86-92553090B236}.Release|Any CPU.ActiveCfg = Release|Any CPU
		{90BB740B-E52C-4805-AD86-92553090B236}.Release|Any CPU.Build.0 = Release|Any CPU
		{90BB740B-E52C-4805-AD86-92553090B236}.Release|Any CPU.Deploy.0 = Release|Any CPU
		{90BB740B-E52C-4805-AD86-92553090B236}.Release|ARM.ActiveCfg = Release|Any CPU
		{90BB740B-E52C-4805-AD86-92553090B236}.Release|ARM.Build.0 = Release|Any CPU
		{90BB740B-E52C-4805-AD86-92553090B236}.Release|ARM.Deploy.0 = Release|Any CPU
		{90BB740B-E52C-4805-AD86-92553090B236}.Release|iPhone.ActiveCfg = Release|Any CPU
		{90BB740B-E52C-4805-AD86-92553090B236}.Release|iPhone.Build.0 = Release|Any CPU
		{90BB740B-E52C-4805-AD86-92553090B236}.Release|iPhone.Deploy.0 = Release|Any CPU
		{90BB740B-E52C-4805-AD86-92553090B236}.Release|iPhoneSimulator.ActiveCfg = Release|Any CPU
		{90BB740B-E52C-4805-AD86-92553090B236}.Release|iPhoneSimulator.Build.0 = Release|Any CPU
		{90BB740B-E52C-4805-AD86-92553090B236}.Release|iPhoneSimulator.Deploy.0 = Release|Any CPU
		{90BB740B-E52C-4805-AD86-92553090B236}.Release|x86.ActiveCfg = Release|Any CPU
		{90BB740B-E52C-4805-AD86-92553090B236}.Release|x86.Build.0 = Release|Any CPU
		{90BB740B-E52C-4805-AD86-92553090B236}.Release|x86.Deploy.0 = Release|Any CPU
		{DBDEAE4C-FC0C-4C48-B4F8-502EAEE5A519}.AppStore|Any CPU.ActiveCfg = AppStore|iPhone
		{DBDEAE4C-FC0C-4C48-B4F8-502EAEE5A519}.AppStore|ARM.ActiveCfg = AppStore|iPhone
		{DBDEAE4C-FC0C-4C48-B4F8-502EAEE5A519}.AppStore|iPhone.ActiveCfg = AppStore|iPhone
		{DBDEAE4C-FC0C-4C48-B4F8-502EAEE5A519}.AppStore|iPhone.Build.0 = AppStore|iPhone
		{DBDEAE4C-FC0C-4C48-B4F8-502EAEE5A519}.AppStore|iPhoneSimulator.ActiveCfg = AppStore|iPhoneSimulator
		{DBDEAE4C-FC0C-4C48-B4F8-502EAEE5A519}.AppStore|iPhoneSimulator.Build.0 = AppStore|iPhoneSimulator
		{DBDEAE4C-FC0C-4C48-B4F8-502EAEE5A519}.AppStore|x86.ActiveCfg = AppStore|iPhone
		{DBDEAE4C-FC0C-4C48-B4F8-502EAEE5A519}.Debug|Any CPU.ActiveCfg = Debug|iPhone
		{DBDEAE4C-FC0C-4C48-B4F8-502EAEE5A519}.Debug|ARM.ActiveCfg = Debug|iPhone
		{DBDEAE4C-FC0C-4C48-B4F8-502EAEE5A519}.Debug|iPhone.ActiveCfg = Debug|iPhone
		{DBDEAE4C-FC0C-4C48-B4F8-502EAEE5A519}.Debug|iPhone.Build.0 = Debug|iPhone
		{DBDEAE4C-FC0C-4C48-B4F8-502EAEE5A519}.Debug|iPhoneSimulator.ActiveCfg = Debug|iPhoneSimulator
		{DBDEAE4C-FC0C-4C48-B4F8-502EAEE5A519}.Debug|iPhoneSimulator.Build.0 = Debug|iPhoneSimulator
		{DBDEAE4C-FC0C-4C48-B4F8-502EAEE5A519}.Debug|x86.ActiveCfg = Debug|iPhone
		{DBDEAE4C-FC0C-4C48-B4F8-502EAEE5A519}.Release|Any CPU.ActiveCfg = Release|iPhone
		{DBDEAE4C-FC0C-4C48-B4F8-502EAEE5A519}.Release|ARM.ActiveCfg = Release|iPhone
		{DBDEAE4C-FC0C-4C48-B4F8-502EAEE5A519}.Release|iPhone.ActiveCfg = Release|iPhone
		{DBDEAE4C-FC0C-4C48-B4F8-502EAEE5A519}.Release|iPhone.Build.0 = Release|iPhone
		{DBDEAE4C-FC0C-4C48-B4F8-502EAEE5A519}.Release|iPhoneSimulator.ActiveCfg = Release|iPhoneSimulator
		{DBDEAE4C-FC0C-4C48-B4F8-502EAEE5A519}.Release|iPhoneSimulator.Build.0 = Release|iPhoneSimulator
		{DBDEAE4C-FC0C-4C48-B4F8-502EAEE5A519}.Release|x86.ActiveCfg = Release|iPhone
		{0857476E-1248-4EF8-8C06-CA6EA6966C48}.AppStore|Any CPU.ActiveCfg = Release|Any CPU
		{0857476E-1248-4EF8-8C06-CA6EA6966C48}.AppStore|Any CPU.Build.0 = Release|Any CPU
		{0857476E-1248-4EF8-8C06-CA6EA6966C48}.AppStore|Any CPU.Deploy.0 = Release|Any CPU
		{0857476E-1248-4EF8-8C06-CA6EA6966C48}.AppStore|ARM.ActiveCfg = Release|ARM
		{0857476E-1248-4EF8-8C06-CA6EA6966C48}.AppStore|ARM.Build.0 = Release|ARM
		{0857476E-1248-4EF8-8C06-CA6EA6966C48}.AppStore|ARM.Deploy.0 = Release|ARM
		{0857476E-1248-4EF8-8C06-CA6EA6966C48}.AppStore|iPhone.ActiveCfg = Release|Any CPU
		{0857476E-1248-4EF8-8C06-CA6EA6966C48}.AppStore|iPhone.Build.0 = Release|Any CPU
		{0857476E-1248-4EF8-8C06-CA6EA6966C48}.AppStore|iPhone.Deploy.0 = Release|Any CPU
		{0857476E-1248-4EF8-8C06-CA6EA6966C48}.AppStore|iPhoneSimulator.ActiveCfg = Release|Any CPU
		{0857476E-1248-4EF8-8C06-CA6EA6966C48}.AppStore|iPhoneSimulator.Build.0 = Release|Any CPU
		{0857476E-1248-4EF8-8C06-CA6EA6966C48}.AppStore|iPhoneSimulator.Deploy.0 = Release|Any CPU
		{0857476E-1248-4EF8-8C06-CA6EA6966C48}.AppStore|x86.ActiveCfg = Release|x86
		{0857476E-1248-4EF8-8C06-CA6EA6966C48}.AppStore|x86.Build.0 = Release|x86
		{0857476E-1248-4EF8-8C06-CA6EA6966C48}.AppStore|x86.Deploy.0 = Release|x86
		{0857476E-1248-4EF8-8C06-CA6EA6966C48}.Debug|Any CPU.ActiveCfg = Debug|Any CPU
		{0857476E-1248-4EF8-8C06-CA6EA6966C48}.Debug|Any CPU.Build.0 = Debug|Any CPU
		{0857476E-1248-4EF8-8C06-CA6EA6966C48}.Debug|Any CPU.Deploy.0 = Debug|Any CPU
		{0857476E-1248-4EF8-8C06-CA6EA6966C48}.Debug|ARM.ActiveCfg = Debug|ARM
		{0857476E-1248-4EF8-8C06-CA6EA6966C48}.Debug|ARM.Build.0 = Debug|ARM
		{0857476E-1248-4EF8-8C06-CA6EA6966C48}.Debug|ARM.Deploy.0 = Debug|ARM
		{0857476E-1248-4EF8-8C06-CA6EA6966C48}.Debug|iPhone.ActiveCfg = Debug|Any CPU
		{0857476E-1248-4EF8-8C06-CA6EA6966C48}.Debug|iPhone.Build.0 = Debug|Any CPU
		{0857476E-1248-4EF8-8C06-CA6EA6966C48}.Debug|iPhone.Deploy.0 = Debug|Any CPU
		{0857476E-1248-4EF8-8C06-CA6EA6966C48}.Debug|iPhoneSimulator.ActiveCfg = Debug|Any CPU
		{0857476E-1248-4EF8-8C06-CA6EA6966C48}.Debug|iPhoneSimulator.Build.0 = Debug|Any CPU
		{0857476E-1248-4EF8-8C06-CA6EA6966C48}.Debug|iPhoneSimulator.Deploy.0 = Debug|Any CPU
		{0857476E-1248-4EF8-8C06-CA6EA6966C48}.Debug|x86.ActiveCfg = Debug|x86
		{0857476E-1248-4EF8-8C06-CA6EA6966C48}.Debug|x86.Build.0 = Debug|x86
		{0857476E-1248-4EF8-8C06-CA6EA6966C48}.Debug|x86.Deploy.0 = Debug|x86
		{0857476E-1248-4EF8-8C06-CA6EA6966C48}.Release|Any CPU.ActiveCfg = Release|Any CPU
		{0857476E-1248-4EF8-8C06-CA6EA6966C48}.Release|Any CPU.Build.0 = Release|Any CPU
		{0857476E-1248-4EF8-8C06-CA6EA6966C48}.Release|Any CPU.Deploy.0 = Release|Any CPU
		{0857476E-1248-4EF8-8C06-CA6EA6966C48}.Release|ARM.ActiveCfg = Release|ARM
		{0857476E-1248-4EF8-8C06-CA6EA6966C48}.Release|ARM.Build.0 = Release|ARM
		{0857476E-1248-4EF8-8C06-CA6EA6966C48}.Release|ARM.Deploy.0 = Release|ARM
		{0857476E-1248-4EF8-8C06-CA6EA6966C48}.Release|iPhone.ActiveCfg = Release|Any CPU
		{0857476E-1248-4EF8-8C06-CA6EA6966C48}.Release|iPhone.Build.0 = Release|Any CPU
		{0857476E-1248-4EF8-8C06-CA6EA6966C48}.Release|iPhone.Deploy.0 = Release|Any CPU
		{0857476E-1248-4EF8-8C06-CA6EA6966C48}.Release|iPhoneSimulator.ActiveCfg = Release|Any CPU
		{0857476E-1248-4EF8-8C06-CA6EA6966C48}.Release|iPhoneSimulator.Build.0 = Release|Any CPU
		{0857476E-1248-4EF8-8C06-CA6EA6966C48}.Release|iPhoneSimulator.Deploy.0 = Release|Any CPU
		{0857476E-1248-4EF8-8C06-CA6EA6966C48}.Release|x86.ActiveCfg = Release|x86
		{0857476E-1248-4EF8-8C06-CA6EA6966C48}.Release|x86.Build.0 = Release|x86
		{0857476E-1248-4EF8-8C06-CA6EA6966C48}.Release|x86.Deploy.0 = Release|x86
		{2DABC1DF-AB32-490B-912D-F0BC816F9074}.AppStore|Any CPU.ActiveCfg = Release|Any CPU
		{2DABC1DF-AB32-490B-912D-F0BC816F9074}.AppStore|Any CPU.Build.0 = Release|Any CPU
		{2DABC1DF-AB32-490B-912D-F0BC816F9074}.AppStore|ARM.ActiveCfg = Release|Any CPU
		{2DABC1DF-AB32-490B-912D-F0BC816F9074}.AppStore|ARM.Build.0 = Release|Any CPU
		{2DABC1DF-AB32-490B-912D-F0BC816F9074}.AppStore|iPhone.ActiveCfg = Release|Any CPU
		{2DABC1DF-AB32-490B-912D-F0BC816F9074}.AppStore|iPhone.Build.0 = Release|Any CPU
		{2DABC1DF-AB32-490B-912D-F0BC816F9074}.AppStore|iPhoneSimulator.ActiveCfg = Release|Any CPU
		{2DABC1DF-AB32-490B-912D-F0BC816F9074}.AppStore|iPhoneSimulator.Build.0 = Release|Any CPU
		{2DABC1DF-AB32-490B-912D-F0BC816F9074}.AppStore|x86.ActiveCfg = Release|Any CPU
		{2DABC1DF-AB32-490B-912D-F0BC816F9074}.AppStore|x86.Build.0 = Release|Any CPU
		{2DABC1DF-AB32-490B-912D-F0BC816F9074}.Debug|Any CPU.ActiveCfg = Debug|Any CPU
		{2DABC1DF-AB32-490B-912D-F0BC816F9074}.Debug|Any CPU.Build.0 = Debug|Any CPU
		{2DABC1DF-AB32-490B-912D-F0BC816F9074}.Debug|ARM.ActiveCfg = Debug|Any CPU
		{2DABC1DF-AB32-490B-912D-F0BC816F9074}.Debug|ARM.Build.0 = Debug|Any CPU
		{2DABC1DF-AB32-490B-912D-F0BC816F9074}.Debug|iPhone.ActiveCfg = Debug|Any CPU
		{2DABC1DF-AB32-490B-912D-F0BC816F9074}.Debug|iPhone.Build.0 = Debug|Any CPU
		{2DABC1DF-AB32-490B-912D-F0BC816F9074}.Debug|iPhoneSimulator.ActiveCfg = Debug|Any CPU
		{2DABC1DF-AB32-490B-912D-F0BC816F9074}.Debug|iPhoneSimulator.Build.0 = Debug|Any CPU
		{2DABC1DF-AB32-490B-912D-F0BC816F9074}.Debug|x86.ActiveCfg = Debug|Any CPU
		{2DABC1DF-AB32-490B-912D-F0BC816F9074}.Debug|x86.Build.0 = Debug|Any CPU
		{2DABC1DF-AB32-490B-912D-F0BC816F9074}.Release|Any CPU.ActiveCfg = Release|Any CPU
		{2DABC1DF-AB32-490B-912D-F0BC816F9074}.Release|Any CPU.Build.0 = Release|Any CPU
		{2DABC1DF-AB32-490B-912D-F0BC816F9074}.Release|ARM.ActiveCfg = Release|Any CPU
		{2DABC1DF-AB32-490B-912D-F0BC816F9074}.Release|ARM.Build.0 = Release|Any CPU
		{2DABC1DF-AB32-490B-912D-F0BC816F9074}.Release|iPhone.ActiveCfg = Release|Any CPU
		{2DABC1DF-AB32-490B-912D-F0BC816F9074}.Release|iPhone.Build.0 = Release|Any CPU
		{2DABC1DF-AB32-490B-912D-F0BC816F9074}.Release|iPhoneSimulator.ActiveCfg = Release|Any CPU
		{2DABC1DF-AB32-490B-912D-F0BC816F9074}.Release|iPhoneSimulator.Build.0 = Release|Any CPU
		{2DABC1DF-AB32-490B-912D-F0BC816F9074}.Release|x86.ActiveCfg = Release|Any CPU
		{2DABC1DF-AB32-490B-912D-F0BC816F9074}.Release|x86.Build.0 = Release|Any CPU
		{887A8565-4A10-44C8-82EF-F2F2D1D2BFBF}.AppStore|Any CPU.ActiveCfg = Release|Any CPU
		{887A8565-4A10-44C8-82EF-F2F2D1D2BFBF}.AppStore|Any CPU.Build.0 = Release|Any CPU
		{887A8565-4A10-44C8-82EF-F2F2D1D2BFBF}.AppStore|ARM.ActiveCfg = Release|Any CPU
		{887A8565-4A10-44C8-82EF-F2F2D1D2BFBF}.AppStore|ARM.Build.0 = Release|Any CPU
		{887A8565-4A10-44C8-82EF-F2F2D1D2BFBF}.AppStore|iPhone.ActiveCfg = Release|Any CPU
		{887A8565-4A10-44C8-82EF-F2F2D1D2BFBF}.AppStore|iPhone.Build.0 = Release|Any CPU
		{887A8565-4A10-44C8-82EF-F2F2D1D2BFBF}.AppStore|iPhoneSimulator.ActiveCfg = Release|Any CPU
		{887A8565-4A10-44C8-82EF-F2F2D1D2BFBF}.AppStore|iPhoneSimulator.Build.0 = Release|Any CPU
		{887A8565-4A10-44C8-82EF-F2F2D1D2BFBF}.AppStore|x86.ActiveCfg = Release|Any CPU
		{887A8565-4A10-44C8-82EF-F2F2D1D2BFBF}.AppStore|x86.Build.0 = Release|Any CPU
		{887A8565-4A10-44C8-82EF-F2F2D1D2BFBF}.Debug|Any CPU.ActiveCfg = Debug|Any CPU
		{887A8565-4A10-44C8-82EF-F2F2D1D2BFBF}.Debug|Any CPU.Build.0 = Debug|Any CPU
		{887A8565-4A10-44C8-82EF-F2F2D1D2BFBF}.Debug|ARM.ActiveCfg = Debug|Any CPU
		{887A8565-4A10-44C8-82EF-F2F2D1D2BFBF}.Debug|ARM.Build.0 = Debug|Any CPU
		{887A8565-4A10-44C8-82EF-F2F2D1D2BFBF}.Debug|iPhone.ActiveCfg = Debug|Any CPU
		{887A8565-4A10-44C8-82EF-F2F2D1D2BFBF}.Debug|iPhone.Build.0 = Debug|Any CPU
		{887A8565-4A10-44C8-82EF-F2F2D1D2BFBF}.Debug|iPhoneSimulator.ActiveCfg = Debug|Any CPU
		{887A8565-4A10-44C8-82EF-F2F2D1D2BFBF}.Debug|iPhoneSimulator.Build.0 = Debug|Any CPU
		{887A8565-4A10-44C8-82EF-F2F2D1D2BFBF}.Debug|x86.ActiveCfg = Debug|Any CPU
		{887A8565-4A10-44C8-82EF-F2F2D1D2BFBF}.Debug|x86.Build.0 = Debug|Any CPU
		{887A8565-4A10-44C8-82EF-F2F2D1D2BFBF}.Release|Any CPU.ActiveCfg = Release|Any CPU
		{887A8565-4A10-44C8-82EF-F2F2D1D2BFBF}.Release|Any CPU.Build.0 = Release|Any CPU
		{887A8565-4A10-44C8-82EF-F2F2D1D2BFBF}.Release|ARM.ActiveCfg = Release|Any CPU
		{887A8565-4A10-44C8-82EF-F2F2D1D2BFBF}.Release|ARM.Build.0 = Release|Any CPU
		{887A8565-4A10-44C8-82EF-F2F2D1D2BFBF}.Release|iPhone.ActiveCfg = Release|Any CPU
		{887A8565-4A10-44C8-82EF-F2F2D1D2BFBF}.Release|iPhone.Build.0 = Release|Any CPU
		{887A8565-4A10-44C8-82EF-F2F2D1D2BFBF}.Release|iPhoneSimulator.ActiveCfg = Release|Any CPU
		{887A8565-4A10-44C8-82EF-F2F2D1D2BFBF}.Release|iPhoneSimulator.Build.0 = Release|Any CPU
		{887A8565-4A10-44C8-82EF-F2F2D1D2BFBF}.Release|x86.ActiveCfg = Release|Any CPU
		{887A8565-4A10-44C8-82EF-F2F2D1D2BFBF}.Release|x86.Build.0 = Release|Any CPU
	EndGlobalSection
	GlobalSection(SolutionProperties) = preSolution
		HideSolutionNode = FALSE
	EndGlobalSection
EndGlobal
